<?xml version="1.0" encoding="utf-8"?>
<Project ToolsVersion="4.0" xmlns="http://schemas.microsoft.com/developer/msbuild/2003">
  <ItemGroup>
    <Filter Include="Source Files">
      <UniqueIdentifier>{4FC737F1-C7A5-4376-A066-2A32D752A2FF}</UniqueIdentifier>
      <Extensions>cpp;c;cc;cxx;def;odl;idl;hpj;bat;asm;asmx</Extensions>
    </Filter>
    <Filter Include="Header Files">
      <UniqueIdentifier>{93995380-89BD-4b04-88EB-625FBE52EBFB}</UniqueIdentifier>
      <Extensions>h;hh;hpp;hxx;hm;inl;inc;xsd</Extensions>
    </Filter>
    <Filter Include="Resource Files">
      <UniqueIdentifier>{67DA6AB6-F800-4c08-8B7A-83BB121AAD01}</UniqueIdentifier>
      <Extensions>rc;ico;cur;bmp;dlg;rc2;rct;bin;rgs;gif;jpg;jpeg;jpe;resx;tiff;tif;png;wav;mfcribbon-ms</Extensions>
    </Filter>
  </ItemGroup>
  <ItemGroup>
    <ClCompile Include="src\engine\game\world\World.cpp">
      <Filter>Source Files</Filter>
    </ClCompile>
    <ClCompile Include="src\engine\game\Game.cpp">
      <Filter>Source Files</Filter>
    </ClCompile>
    <ClCompile Include="src\engine\gfx\font\Font.cpp">
      <Filter>Source Files</Filter>
    </ClCompile>
    <ClCompile Include="src\engine\gfx\mesh\VoxelMesh.cpp">
      <Filter>Source Files</Filter>
    </ClCompile>
    <ClCompile Include="src\engine\gfx\LTexture.cpp">
      <Filter>Source Files</Filter>
    </ClCompile>
    <ClCompile Include="src\engine\utils\variable\manager\ScissorManager.cpp">
      <Filter>Source Files</Filter>
    </ClCompile>
    <ClCompile Include="src\engine\utils\variable\manager\TextureManager.cpp">
      <Filter>Source Files</Filter>
    </ClCompile>
    <ClCompile Include="src\engine\utils\Utilities.cpp">
      <Filter>Source Files</Filter>
    </ClCompile>
    <ClCompile Include="src\Application.cpp">
      <Filter>Source Files</Filter>
    </ClCompile>
    <ClCompile Include="src\Main.cpp">
      <Filter>Source Files</Filter>
    </ClCompile>
    <ClCompile Include="lib\glfw\include\getopt.c">
      <Filter>Source Files</Filter>
    </ClCompile>
    <ClCompile Include="lib\glfw\include\glad.c">
      <Filter>Source Files</Filter>
    </ClCompile>
    <ClCompile Include="lib\glfw\include\tinycthread.c">
      <Filter>Source Files</Filter>
    </ClCompile>
    <ClCompile Include="src\engine\game\world\entity\Entity.cpp">
      <Filter>Source Files</Filter>
    </ClCompile>
    <ClCompile Include="src\engine\gfx\model\VoxelModel.cpp">
      <Filter>Source Files</Filter>
    </ClCompile>
    <ClCompile Include="src\engine\game\menu\ingame\PSMain.cpp">
      <Filter>Source Files</Filter>
    </ClCompile>
    <ClCompile Include="src\engine\game\menu\ingame\PSOptions.cpp">
      <Filter>Source Files</Filter>
    </ClCompile>
    <ClCompile Include="src\engine\game\menu\PauseScreen.cpp">
      <Filter>Source Files</Filter>
    </ClCompile>
    <ClCompile Include="include\engine\sfx\LOpenAL.h">
      <Filter>Source Files</Filter>
    </ClCompile>
    <ClCompile Include="src\engine\sfx\Sound.cpp">
      <Filter>Source Files</Filter>
    </ClCompile>
    <ClCompile Include="src\engine\gfx\model\load\NvmFormat.cpp">
      <Filter>Source Files</Filter>
    </ClCompile>
    <ClCompile Include="src\engine\gfx\model\load\VoxFormat.cpp">
      <Filter>Source Files</Filter>
    </ClCompile>
    <ClCompile Include="src\engine\gfx\model\VoxelMatrix.cpp">
      <Filter>Source Files</Filter>
    </ClCompile>
    <ClCompile Include="src\engine\game\world\data\Chunk.cpp">
      <Filter>Source Files</Filter>
    </ClCompile>
    <ClCompile Include="src\engine\game\world\data\WorldData.cpp">
      <Filter>Source Files</Filter>
    </ClCompile>
    <ClCompile Include="src\engine\game\world\type\dungeon\lRoom.cpp">
      <Filter>Source Files</Filter>
    </ClCompile>
    <ClCompile Include="src\engine\game\world\type\dungeon\Room.cpp">
      <Filter>Source Files</Filter>
    </ClCompile>
    <ClCompile Include="src\engine\game\world\type\WorldDungeon.cpp">
      <Filter>Source Files</Filter>
    </ClCompile>
    <ClCompile Include="src\engine\game\world\type\WorldIsland.cpp">
      <Filter>Source Files</Filter>
    </ClCompile>
    <ClCompile Include="src\engine\utils\global\event\GKey.cpp">
      <Filter>Source Files</Filter>
    </ClCompile>
    <ClCompile Include="src\engine\utils\global\event\GMouse.cpp">
      <Filter>Source Files</Filter>
    </ClCompile>
    <ClCompile Include="src\engine\utils\global\GScreen.cpp">
      <Filter>Source Files</Filter>
    </ClCompile>
    <ClCompile Include="src\engine\gfx\gui\button\Button.cpp">
      <Filter>Source Files</Filter>
    </ClCompile>
    <ClCompile Include="src\engine\gfx\gui\button\ButtonRadio.cpp">
      <Filter>Source Files</Filter>
    </ClCompile>
    <ClCompile Include="src\engine\gfx\gui\button\ButtonToggle.cpp">
      <Filter>Source Files</Filter>
    </ClCompile>
    <ClCompile Include="src\engine\gfx\gui\container\ColorPanel.cpp">
      <Filter>Source Files</Filter>
    </ClCompile>
    <ClCompile Include="src\engine\gfx\gui\container\Container.cpp">
      <Filter>Source Files</Filter>
    </ClCompile>
    <ClCompile Include="src\engine\gfx\gui\container\ContainerPanel.cpp">
      <Filter>Source Files</Filter>
    </ClCompile>
    <ClCompile Include="src\engine\gfx\gui\container\Panel.cpp">
      <Filter>Source Files</Filter>
    </ClCompile>
    <ClCompile Include="src\engine\gfx\gui\field\DataField.cpp">
      <Filter>Source Files</Filter>
    </ClCompile>
    <ClCompile Include="src\engine\gfx\gui\field\Text.cpp">
      <Filter>Source Files</Filter>
    </ClCompile>
    <ClCompile Include="src\engine\gfx\gui\field\TextField.cpp">
      <Filter>Source Files</Filter>
    </ClCompile>
    <ClCompile Include="src\engine\gfx\gui\frequency\Slider.cpp">
      <Filter>Source Files</Filter>
    </ClCompile>
    <ClCompile Include="src\engine\gfx\gui\icon\Icon.cpp">
      <Filter>Source Files</Filter>
    </ClCompile>
    <ClCompile Include="src\engine\gfx\gui\Component.cpp">
      <Filter>Source Files</Filter>
    </ClCompile>
    <ClCompile Include="src\engine\game\world\entity\particle\Particle.cpp">
      <Filter>Source Files</Filter>
    </ClCompile>
    <ClCompile Include="src\engine\utils\variable\manager\VoxelManager.cpp">
      <Filter>Source Files</Filter>
    </ClCompile>
    <ClCompile Include="src\engine\utils\variable\manager\ColorManager.cpp">
      <Filter>Source Files</Filter>
    </ClCompile>
    <ClCompile Include="src\engine\utils\variable\manager\VoxelModelManager.cpp">
      <Filter>Source Files</Filter>
    </ClCompile>
    <ClCompile Include="src\engine\game\console\Console.cpp">
      <Filter>Source Files</Filter>
    </ClCompile>
    <ClCompile Include="src\engine\game\command\Command.cpp">
      <Filter>Source Files</Filter>
    </ClCompile>
    <ClCompile Include="src\engine\utils\global\GGameState.cpp">
      <Filter>Source Files</Filter>
    </ClCompile>
    <ClCompile Include="src\engine\network\Network.cpp">
      <Filter>Source Files</Filter>
    </ClCompile>
    <ClCompile Include="src\engine\network\NetworkAdapter.cpp">
      <Filter>Source Files</Filter>
    </ClCompile>
    <ClCompile Include="src\engine\game\world\camera\Camera.cpp">
      <Filter>Source Files</Filter>
    </ClCompile>
    <ClCompile Include="src\engine\utils\Math.cpp">
      <Filter>Source Files</Filter>
    </ClCompile>
    <ClCompile Include="src\engine\utils\Perlin.cpp">
      <Filter>Source Files</Filter>
    </ClCompile>
    <ClCompile Include="src\engine\utils\FileExt.cpp">
      <Filter>Source Files</Filter>
    </ClCompile>
    <ClCompile Include="src\engine\gfx\gui\frequency\Graph.cpp">
      <Filter>Source Files</Filter>
    </ClCompile>
    <ClCompile Include="src\engine\game\debug\DebugUI.cpp">
      <Filter>Source Files</Filter>
    </ClCompile>
    <ClCompile Include="src\engine\game\world\entity\actor\adventurer\warrior\Warrior.cpp">
      <Filter>Source Files</Filter>
    </ClCompile>
    <ClCompile Include="src\engine\game\world\entity\actor\adventurer\Adventurer.cpp">
      <Filter>Source Files</Filter>
    </ClCompile>
    <ClCompile Include="src\engine\game\world\entity\actor\Actor.cpp">
      <Filter>Source Files</Filter>
    </ClCompile>
    <ClCompile Include="src\engine\game\world\entity\actor\actors\Roger.cpp">
      <Filter>Source Files</Filter>
    </ClCompile>
    <ClCompile Include="src\engine\game\world\entity\actor\ability\Ability.cpp">
      <Filter>Source Files</Filter>
    </ClCompile>
    <ClCompile Include="src\engine\game\world\entity\actor\ability\mage\AMFireball.cpp">
      <Filter>Source Files</Filter>
    </ClCompile>
    <ClCompile Include="src\engine\game\world\entity\actor\adventurer\mage\Mage.cpp">
      <Filter>Source Files</Filter>
    </ClCompile>
    <ClCompile Include="src\engine\game\world\entity\projectile\Projectile.cpp">
      <Filter>Source Files</Filter>
    </ClCompile>
    <ClCompile Include="src\engine\game\world\entity\actor\ability\warrior\AWCharge.cpp">
      <Filter>Source Files</Filter>
    </ClCompile>
    <ClCompile Include="src\engine\game\world\entity\actor\ability\warrior\AWShield.cpp">
      <Filter>Source Files</Filter>
    </ClCompile>
  </ItemGroup>
  <ItemGroup>
    <ClInclude Include="include\engine\game\world\World.h">
      <Filter>Header Files</Filter>
    </ClInclude>
    <ClInclude Include="include\engine\game\Game.h">
      <Filter>Header Files</Filter>
    </ClInclude>
    <ClInclude Include="include\engine\gfx\font\Font.h">
      <Filter>Header Files</Filter>
    </ClInclude>
    <ClInclude Include="include\engine\gfx\gui\_Component.h">
      <Filter>Header Files</Filter>
    </ClInclude>
    <ClInclude Include="include\engine\gfx\gui\Button.h">
      <Filter>Header Files</Filter>
    </ClInclude>
    <ClInclude Include="include\engine\gfx\gui\Console.h">
      <Filter>Header Files</Filter>
    </ClInclude>
    <ClInclude Include="include\engine\gfx\gui\Container.h">
      <Filter>Header Files</Filter>
    </ClInclude>
    <ClInclude Include="include\engine\gfx\gui\ContainerPanel.h">
      <Filter>Header Files</Filter>
    </ClInclude>
    <ClInclude Include="include\engine\gfx\gui\Counter.h">
      <Filter>Header Files</Filter>
    </ClInclude>
    <ClInclude Include="include\engine\gfx\gui\DropDown.h">
      <Filter>Header Files</Filter>
    </ClInclude>
    <ClInclude Include="include\engine\gfx\gui\List.h">
      <Filter>Header Files</Filter>
    </ClInclude>
    <ClInclude Include="include\engine\gfx\gui\NumberField.h">
      <Filter>Header Files</Filter>
    </ClInclude>
    <ClInclude Include="include\engine\gfx\gui\Panel.h">
      <Filter>Header Files</Filter>
    </ClInclude>
    <ClInclude Include="include\engine\gfx\gui\Slider.h">
      <Filter>Header Files</Filter>
    </ClInclude>
    <ClInclude Include="include\engine\gfx\gui\TabBar.h">
      <Filter>Header Files</Filter>
    </ClInclude>
    <ClInclude Include="include\engine\gfx\gui\Text.h">
      <Filter>Header Files</Filter>
    </ClInclude>
    <ClInclude Include="include\engine\gfx\gui\TextField.h">
      <Filter>Header Files</Filter>
    </ClInclude>
    <ClInclude Include="include\engine\gfx\gui\Tileset.h">
      <Filter>Header Files</Filter>
    </ClInclude>
    <ClInclude Include="include\engine\gfx\gui\Toolbar.h">
      <Filter>Header Files</Filter>
    </ClInclude>
    <ClInclude Include="include\engine\gfx\mesh\VoxelMesh.h">
      <Filter>Header Files</Filter>
    </ClInclude>
    <ClInclude Include="include\engine\gfx\LTexture.h">
      <Filter>Header Files</Filter>
    </ClInclude>
    <ClInclude Include="include\engine\utils\variable\manager\ColorManager.h">
      <Filter>Header Files</Filter>
    </ClInclude>
    <ClInclude Include="include\engine\utils\variable\manager\Manager.h">
      <Filter>Header Files</Filter>
    </ClInclude>
    <ClInclude Include="include\engine\utils\variable\manager\ScissorManager.h">
      <Filter>Header Files</Filter>
    </ClInclude>
    <ClInclude Include="include\engine\utils\variable\manager\TextureManager.h">
      <Filter>Header Files</Filter>
    </ClInclude>
    <ClInclude Include="include\engine\utils\variable\manager\VoxelManager.h">
      <Filter>Header Files</Filter>
    </ClInclude>
    <ClInclude Include="include\engine\utils\OpenGL.h">
      <Filter>Header Files</Filter>
    </ClInclude>
    <ClInclude Include="include\engine\utils\Singleton.h">
      <Filter>Header Files</Filter>
    </ClInclude>
    <ClInclude Include="include\engine\utils\Utilities.h">
      <Filter>Header Files</Filter>
    </ClInclude>
    <ClInclude Include="include\Application.h">
      <Filter>Header Files</Filter>
    </ClInclude>
    <ClInclude Include="lib\devil\include\IL\config.h">
      <Filter>Header Files</Filter>
    </ClInclude>
    <ClInclude Include="lib\devil\include\IL\devil_internal_exports.h">
      <Filter>Header Files</Filter>
    </ClInclude>
    <ClInclude Include="lib\devil\include\IL\il.h">
      <Filter>Header Files</Filter>
    </ClInclude>
    <ClInclude Include="lib\devil\include\IL\il_wrap.h">
      <Filter>Header Files</Filter>
    </ClInclude>
    <ClInclude Include="lib\devil\include\IL\ilu.h">
      <Filter>Header Files</Filter>
    </ClInclude>
    <ClInclude Include="lib\devil\include\IL\ilu_region.h">
      <Filter>Header Files</Filter>
    </ClInclude>
    <ClInclude Include="lib\devil\include\IL\ilut.h">
      <Filter>Header Files</Filter>
    </ClInclude>
    <ClInclude Include="lib\devil\include\IL\ilut_config.h">
      <Filter>Header Files</Filter>
    </ClInclude>
    <ClInclude Include="lib\freetype\include\freetype\config\ftconfig.h">
      <Filter>Header Files</Filter>
    </ClInclude>
    <ClInclude Include="lib\freetype\include\freetype\config\ftheader.h">
      <Filter>Header Files</Filter>
    </ClInclude>
    <ClInclude Include="lib\freetype\include\freetype\config\ftmodule.h">
      <Filter>Header Files</Filter>
    </ClInclude>
    <ClInclude Include="lib\freetype\include\freetype\config\ftoption.h">
      <Filter>Header Files</Filter>
    </ClInclude>
    <ClInclude Include="lib\freetype\include\freetype\config\ftstdlib.h">
      <Filter>Header Files</Filter>
    </ClInclude>
    <ClInclude Include="lib\freetype\include\freetype\internal\services\svbdf.h">
      <Filter>Header Files</Filter>
    </ClInclude>
    <ClInclude Include="lib\freetype\include\freetype\internal\services\svcid.h">
      <Filter>Header Files</Filter>
    </ClInclude>
    <ClInclude Include="lib\freetype\include\freetype\internal\services\svfntfmt.h">
      <Filter>Header Files</Filter>
    </ClInclude>
    <ClInclude Include="lib\freetype\include\freetype\internal\services\svgldict.h">
      <Filter>Header Files</Filter>
    </ClInclude>
    <ClInclude Include="lib\freetype\include\freetype\internal\services\svgxval.h">
      <Filter>Header Files</Filter>
    </ClInclude>
    <ClInclude Include="lib\freetype\include\freetype\internal\services\svkern.h">
      <Filter>Header Files</Filter>
    </ClInclude>
    <ClInclude Include="lib\freetype\include\freetype\internal\services\svmm.h">
      <Filter>Header Files</Filter>
    </ClInclude>
    <ClInclude Include="lib\freetype\include\freetype\internal\services\svotval.h">
      <Filter>Header Files</Filter>
    </ClInclude>
    <ClInclude Include="lib\freetype\include\freetype\internal\services\svpfr.h">
      <Filter>Header Files</Filter>
    </ClInclude>
    <ClInclude Include="lib\freetype\include\freetype\internal\services\svpostnm.h">
      <Filter>Header Files</Filter>
    </ClInclude>
    <ClInclude Include="lib\freetype\include\freetype\internal\services\svprop.h">
      <Filter>Header Files</Filter>
    </ClInclude>
    <ClInclude Include="lib\freetype\include\freetype\internal\services\svpscmap.h">
      <Filter>Header Files</Filter>
    </ClInclude>
    <ClInclude Include="lib\freetype\include\freetype\internal\services\svpsinfo.h">
      <Filter>Header Files</Filter>
    </ClInclude>
    <ClInclude Include="lib\freetype\include\freetype\internal\services\svsfnt.h">
      <Filter>Header Files</Filter>
    </ClInclude>
    <ClInclude Include="lib\freetype\include\freetype\internal\services\svttcmap.h">
      <Filter>Header Files</Filter>
    </ClInclude>
    <ClInclude Include="lib\freetype\include\freetype\internal\services\svtteng.h">
      <Filter>Header Files</Filter>
    </ClInclude>
    <ClInclude Include="lib\freetype\include\freetype\internal\services\svttglyf.h">
      <Filter>Header Files</Filter>
    </ClInclude>
    <ClInclude Include="lib\freetype\include\freetype\internal\services\svwinfnt.h">
      <Filter>Header Files</Filter>
    </ClInclude>
    <ClInclude Include="lib\freetype\include\freetype\internal\autohint.h">
      <Filter>Header Files</Filter>
    </ClInclude>
    <ClInclude Include="lib\freetype\include\freetype\internal\ftcalc.h">
      <Filter>Header Files</Filter>
    </ClInclude>
    <ClInclude Include="lib\freetype\include\freetype\internal\ftdebug.h">
      <Filter>Header Files</Filter>
    </ClInclude>
    <ClInclude Include="lib\freetype\include\freetype\internal\ftdriver.h">
      <Filter>Header Files</Filter>
    </ClInclude>
    <ClInclude Include="lib\freetype\include\freetype\internal\ftgloadr.h">
      <Filter>Header Files</Filter>
    </ClInclude>
    <ClInclude Include="lib\freetype\include\freetype\internal\fthash.h">
      <Filter>Header Files</Filter>
    </ClInclude>
    <ClInclude Include="lib\freetype\include\freetype\internal\ftmemory.h">
      <Filter>Header Files</Filter>
    </ClInclude>
    <ClInclude Include="lib\freetype\include\freetype\internal\ftobjs.h">
      <Filter>Header Files</Filter>
    </ClInclude>
    <ClInclude Include="lib\freetype\include\freetype\internal\ftpic.h">
      <Filter>Header Files</Filter>
    </ClInclude>
    <ClInclude Include="lib\freetype\include\freetype\internal\ftrfork.h">
      <Filter>Header Files</Filter>
    </ClInclude>
    <ClInclude Include="lib\freetype\include\freetype\internal\ftserv.h">
      <Filter>Header Files</Filter>
    </ClInclude>
    <ClInclude Include="lib\freetype\include\freetype\internal\ftstream.h">
      <Filter>Header Files</Filter>
    </ClInclude>
    <ClInclude Include="lib\freetype\include\freetype\internal\fttrace.h">
      <Filter>Header Files</Filter>
    </ClInclude>
    <ClInclude Include="lib\freetype\include\freetype\internal\ftvalid.h">
      <Filter>Header Files</Filter>
    </ClInclude>
    <ClInclude Include="lib\freetype\include\freetype\internal\internal.h">
      <Filter>Header Files</Filter>
    </ClInclude>
    <ClInclude Include="lib\freetype\include\freetype\internal\psaux.h">
      <Filter>Header Files</Filter>
    </ClInclude>
    <ClInclude Include="lib\freetype\include\freetype\internal\pshints.h">
      <Filter>Header Files</Filter>
    </ClInclude>
    <ClInclude Include="lib\freetype\include\freetype\internal\sfnt.h">
      <Filter>Header Files</Filter>
    </ClInclude>
    <ClInclude Include="lib\freetype\include\freetype\internal\t1types.h">
      <Filter>Header Files</Filter>
    </ClInclude>
    <ClInclude Include="lib\freetype\include\freetype\internal\tttypes.h">
      <Filter>Header Files</Filter>
    </ClInclude>
    <ClInclude Include="lib\freetype\include\freetype\freetype.h">
      <Filter>Header Files</Filter>
    </ClInclude>
    <ClInclude Include="lib\freetype\include\freetype\ftadvanc.h">
      <Filter>Header Files</Filter>
    </ClInclude>
    <ClInclude Include="lib\freetype\include\freetype\ftautoh.h">
      <Filter>Header Files</Filter>
    </ClInclude>
    <ClInclude Include="lib\freetype\include\freetype\ftbbox.h">
      <Filter>Header Files</Filter>
    </ClInclude>
    <ClInclude Include="lib\freetype\include\freetype\ftbdf.h">
      <Filter>Header Files</Filter>
    </ClInclude>
    <ClInclude Include="lib\freetype\include\freetype\ftbitmap.h">
      <Filter>Header Files</Filter>
    </ClInclude>
    <ClInclude Include="lib\freetype\include\freetype\ftbzip2.h">
      <Filter>Header Files</Filter>
    </ClInclude>
    <ClInclude Include="lib\freetype\include\freetype\ftcache.h">
      <Filter>Header Files</Filter>
    </ClInclude>
    <ClInclude Include="lib\freetype\include\freetype\ftcffdrv.h">
      <Filter>Header Files</Filter>
    </ClInclude>
    <ClInclude Include="lib\freetype\include\freetype\ftchapters.h">
      <Filter>Header Files</Filter>
    </ClInclude>
    <ClInclude Include="lib\freetype\include\freetype\ftcid.h">
      <Filter>Header Files</Filter>
    </ClInclude>
    <ClInclude Include="lib\freetype\include\freetype\fterrdef.h">
      <Filter>Header Files</Filter>
    </ClInclude>
    <ClInclude Include="lib\freetype\include\freetype\fterrors.h">
      <Filter>Header Files</Filter>
    </ClInclude>
    <ClInclude Include="lib\freetype\include\freetype\ftfntfmt.h">
      <Filter>Header Files</Filter>
    </ClInclude>
    <ClInclude Include="lib\freetype\include\freetype\ftgasp.h">
      <Filter>Header Files</Filter>
    </ClInclude>
    <ClInclude Include="lib\freetype\include\freetype\ftglyph.h">
      <Filter>Header Files</Filter>
    </ClInclude>
    <ClInclude Include="lib\freetype\include\freetype\ftgxval.h">
      <Filter>Header Files</Filter>
    </ClInclude>
    <ClInclude Include="lib\freetype\include\freetype\ftgzip.h">
      <Filter>Header Files</Filter>
    </ClInclude>
    <ClInclude Include="lib\freetype\include\freetype\ftimage.h">
      <Filter>Header Files</Filter>
    </ClInclude>
    <ClInclude Include="lib\freetype\include\freetype\ftincrem.h">
      <Filter>Header Files</Filter>
    </ClInclude>
    <ClInclude Include="lib\freetype\include\freetype\ftlcdfil.h">
      <Filter>Header Files</Filter>
    </ClInclude>
    <ClInclude Include="lib\freetype\include\freetype\ftlist.h">
      <Filter>Header Files</Filter>
    </ClInclude>
    <ClInclude Include="lib\freetype\include\freetype\ftlzw.h">
      <Filter>Header Files</Filter>
    </ClInclude>
    <ClInclude Include="lib\freetype\include\freetype\ftmac.h">
      <Filter>Header Files</Filter>
    </ClInclude>
    <ClInclude Include="lib\freetype\include\freetype\ftmm.h">
      <Filter>Header Files</Filter>
    </ClInclude>
    <ClInclude Include="lib\freetype\include\freetype\ftmodapi.h">
      <Filter>Header Files</Filter>
    </ClInclude>
    <ClInclude Include="lib\freetype\include\freetype\ftmoderr.h">
      <Filter>Header Files</Filter>
    </ClInclude>
    <ClInclude Include="lib\freetype\include\freetype\ftotval.h">
      <Filter>Header Files</Filter>
    </ClInclude>
    <ClInclude Include="lib\freetype\include\freetype\ftoutln.h">
      <Filter>Header Files</Filter>
    </ClInclude>
    <ClInclude Include="lib\freetype\include\freetype\ftpfr.h">
      <Filter>Header Files</Filter>
    </ClInclude>
    <ClInclude Include="lib\freetype\include\freetype\ftrender.h">
      <Filter>Header Files</Filter>
    </ClInclude>
    <ClInclude Include="lib\freetype\include\freetype\ftsizes.h">
      <Filter>Header Files</Filter>
    </ClInclude>
    <ClInclude Include="lib\freetype\include\freetype\ftsnames.h">
      <Filter>Header Files</Filter>
    </ClInclude>
    <ClInclude Include="lib\freetype\include\freetype\ftstroke.h">
      <Filter>Header Files</Filter>
    </ClInclude>
    <ClInclude Include="lib\freetype\include\freetype\ftsynth.h">
      <Filter>Header Files</Filter>
    </ClInclude>
    <ClInclude Include="lib\freetype\include\freetype\ftsystem.h">
      <Filter>Header Files</Filter>
    </ClInclude>
    <ClInclude Include="lib\freetype\include\freetype\fttrigon.h">
      <Filter>Header Files</Filter>
    </ClInclude>
    <ClInclude Include="lib\freetype\include\freetype\ftttdrv.h">
      <Filter>Header Files</Filter>
    </ClInclude>
    <ClInclude Include="lib\freetype\include\freetype\fttypes.h">
      <Filter>Header Files</Filter>
    </ClInclude>
    <ClInclude Include="lib\freetype\include\freetype\ftwinfnt.h">
      <Filter>Header Files</Filter>
    </ClInclude>
    <ClInclude Include="lib\freetype\include\freetype\t1tables.h">
      <Filter>Header Files</Filter>
    </ClInclude>
    <ClInclude Include="lib\freetype\include\freetype\ttnameid.h">
      <Filter>Header Files</Filter>
    </ClInclude>
    <ClInclude Include="lib\freetype\include\freetype\tttables.h">
      <Filter>Header Files</Filter>
    </ClInclude>
    <ClInclude Include="lib\freetype\include\freetype\tttags.h">
      <Filter>Header Files</Filter>
    </ClInclude>
    <ClInclude Include="lib\freetype\include\freetype\ttunpat.h">
      <Filter>Header Files</Filter>
    </ClInclude>
    <ClInclude Include="lib\freetype\include\ft2build.h">
      <Filter>Header Files</Filter>
    </ClInclude>
    <ClInclude Include="lib\glew\include\GL\glew.h">
      <Filter>Header Files</Filter>
    </ClInclude>
    <ClInclude Include="lib\glew\include\GL\glxew.h">
      <Filter>Header Files</Filter>
    </ClInclude>
    <ClInclude Include="lib\glew\include\GL\wglew.h">
      <Filter>Header Files</Filter>
    </ClInclude>
    <ClInclude Include="lib\glfw\include\EGL\eglext.h">
      <Filter>Header Files</Filter>
    </ClInclude>
    <ClInclude Include="lib\glfw\include\GL\glext.h">
      <Filter>Header Files</Filter>
    </ClInclude>
    <ClInclude Include="lib\glfw\include\GL\glxext.h">
      <Filter>Header Files</Filter>
    </ClInclude>
    <ClInclude Include="lib\glfw\include\GL\wglext.h">
      <Filter>Header Files</Filter>
    </ClInclude>
    <ClInclude Include="lib\glfw\include\glad\glad.h">
      <Filter>Header Files</Filter>
    </ClInclude>
    <ClInclude Include="lib\glfw\include\GLFW\glfw3.h">
      <Filter>Header Files</Filter>
    </ClInclude>
    <ClInclude Include="lib\glfw\include\GLFW\glfw3native.h">
      <Filter>Header Files</Filter>
    </ClInclude>
    <ClInclude Include="lib\glfw\include\KHR\khrplatform.h">
      <Filter>Header Files</Filter>
    </ClInclude>
    <ClInclude Include="lib\glfw\include\getopt.h">
      <Filter>Header Files</Filter>
    </ClInclude>
    <ClInclude Include="lib\glfw\include\tinycthread.h">
      <Filter>Header Files</Filter>
    </ClInclude>
    <ClInclude Include="include\engine\game\world\entity\Entity.h">
      <Filter>Header Files</Filter>
    </ClInclude>
    <ClInclude Include="include\engine\gfx\model\VoxelModel.h">
      <Filter>Header Files</Filter>
    </ClInclude>
    <ClInclude Include="include\engine\game\world\entity\particle\Particle.h">
      <Filter>Header Files</Filter>
    </ClInclude>
    <ClInclude Include="include\engine\gfx\LGui.h">
      <Filter>Header Files</Filter>
    </ClInclude>
    <ClInclude Include="include\engine\game\menu\PauseScreen.h">
      <Filter>Header Files</Filter>
    </ClInclude>
    <ClInclude Include="include\engine\game\menu\Screen.h">
      <Filter>Header Files</Filter>
    </ClInclude>
    <ClInclude Include="include\engine\game\menu\ingame\PSMain.h">
      <Filter>Header Files</Filter>
    </ClInclude>
    <ClInclude Include="include\engine\game\menu\ingame\PSOptions.h">
      <Filter>Header Files</Filter>
    </ClInclude>
    <ClInclude Include="include\engine\sfx\Sound.h">
      <Filter>Header Files</Filter>
    </ClInclude>
    <ClInclude Include="include\engine\gfx\model\load\VoxFormat.h">
      <Filter>Header Files</Filter>
    </ClInclude>
    <ClInclude Include="include\engine\gfx\model\load\NvmFormat.h">
      <Filter>Header Files</Filter>
    </ClInclude>
    <ClInclude Include="include\engine\gfx\model\VoxelMatrix.h">
      <Filter>Header Files</Filter>
    </ClInclude>
    <ClInclude Include="include\engine\game\world\entity\world\WorldEntity.h">
      <Filter>Header Files</Filter>
    </ClInclude>
    <ClInclude Include="include\engine\game\world\data\WorldData.h">
      <Filter>Header Files</Filter>
    </ClInclude>
    <ClInclude Include="include\engine\game\world\data\Chunk.h">
      <Filter>Header Files</Filter>
    </ClInclude>
    <ClInclude Include="include\engine\game\world\type\WorldIsland.h">
      <Filter>Header Files</Filter>
    </ClInclude>
    <ClInclude Include="include\engine\game\world\type\WorldDungeon.h">
      <Filter>Header Files</Filter>
    </ClInclude>
    <ClInclude Include="include\engine\game\world\type\dungeon\Room.h">
      <Filter>Header Files</Filter>
    </ClInclude>
    <ClInclude Include="include\engine\game\world\type\dungeon\RoomEntrance.h">
      <Filter>Header Files</Filter>
    </ClInclude>
    <ClInclude Include="include\engine\game\world\type\dungeon\lRoom.h">
      <Filter>Header Files</Filter>
    </ClInclude>
    <ClInclude Include="include\engine\utils\global\GScreen.h">
      <Filter>Header Files</Filter>
    </ClInclude>
    <ClInclude Include="include\engine\utils\global\event\GKey.h">
      <Filter>Header Files</Filter>
    </ClInclude>
    <ClInclude Include="include\engine\utils\global\event\GMouse.h">
      <Filter>Header Files</Filter>
    </ClInclude>
    <ClInclude Include="include\engine\gfx\gui\Component.h">
      <Filter>Header Files</Filter>
    </ClInclude>
    <ClInclude Include="include\engine\gfx\gui\button\Button.h">
      <Filter>Header Files</Filter>
    </ClInclude>
    <ClInclude Include="include\engine\gfx\gui\button\ButtonRadio.h">
      <Filter>Header Files</Filter>
    </ClInclude>
    <ClInclude Include="include\engine\gfx\gui\button\ButtonToggle.h">
      <Filter>Header Files</Filter>
    </ClInclude>
    <ClInclude Include="include\engine\gfx\gui\container\BackPanel.h">
      <Filter>Header Files</Filter>
    </ClInclude>
    <ClInclude Include="include\engine\gfx\gui\container\ColorPanel.h">
      <Filter>Header Files</Filter>
    </ClInclude>
    <ClInclude Include="include\engine\gfx\gui\container\Container.h">
      <Filter>Header Files</Filter>
    </ClInclude>
    <ClInclude Include="include\engine\gfx\gui\container\ContainerPanel.h">
      <Filter>Header Files</Filter>
    </ClInclude>
    <ClInclude Include="include\engine\gfx\gui\container\Panel.h">
      <Filter>Header Files</Filter>
    </ClInclude>
    <ClInclude Include="include\engine\gfx\gui\field\DataField.h">
      <Filter>Header Files</Filter>
    </ClInclude>
    <ClInclude Include="include\engine\gfx\gui\field\Text.h">
      <Filter>Header Files</Filter>
    </ClInclude>
    <ClInclude Include="include\engine\gfx\gui\field\TextField.h">
      <Filter>Header Files</Filter>
    </ClInclude>
    <ClInclude Include="include\engine\gfx\gui\frequency\Slider.h">
      <Filter>Header Files</Filter>
    </ClInclude>
    <ClInclude Include="include\engine\gfx\gui\icon\Icon.h">
      <Filter>Header Files</Filter>
    </ClInclude>
    <ClInclude Include="include\engine\utils\variable\manager\VoxelModelManager.h">
      <Filter>Header Files</Filter>
    </ClInclude>
    <ClInclude Include="include\engine\game\world\entity\actor\Actor.h">
      <Filter>Header Files</Filter>
    </ClInclude>
    <ClInclude Include="include\engine\game\command\Command.h">
      <Filter>Header Files</Filter>
    </ClInclude>
    <ClInclude Include="include\engine\game\console\Console.h">
      <Filter>Header Files</Filter>
    </ClInclude>
    <ClInclude Include="include\engine\utils\global\GGameState.h">
      <Filter>Header Files</Filter>
    </ClInclude>
    <ClInclude Include="include\engine\game\world\entity\actor\actors\Roger.h">
      <Filter>Header Files</Filter>
    </ClInclude>
    <ClInclude Include="include\engine\game\world\entity\actor\LActor.h">
      <Filter>Header Files</Filter>
    </ClInclude>
    <ClInclude Include="include\engine\network\Network.h">
      <Filter>Header Files</Filter>
    </ClInclude>
    <ClInclude Include="include\engine\network\NetworkAdapter.h">
      <Filter>Header Files</Filter>
    </ClInclude>
    <ClInclude Include="include\engine\game\world\camera\Camera.h">
      <Filter>Header Files</Filter>
    </ClInclude>
    <ClInclude Include="include\engine\utils\Math.h">
      <Filter>Header Files</Filter>
    </ClInclude>
    <ClInclude Include="include\engine\utils\Perlin.h">
      <Filter>Header Files</Filter>
    </ClInclude>
    <ClInclude Include="include\engine\utils\FileExt.h">
      <Filter>Header Files</Filter>
    </ClInclude>
    <ClInclude Include="include\engine\gfx\gui\frequency\Graph.h">
      <Filter>Header Files</Filter>
    </ClInclude>
    <ClInclude Include="include\engine\game\debug\DebugUI.h">
      <Filter>Header Files</Filter>
    </ClInclude>
    <ClInclude Include="include\engine\game\world\entity\actor\adventurer\warrior\Warrior.h">
      <Filter>Header Files</Filter>
    </ClInclude>
    <ClInclude Include="include\engine\game\world\entity\actor\adventurer\Adventurer.h">
      <Filter>Header Files</Filter>
    </ClInclude>
    <ClInclude Include="include\engine\game\world\entity\item\weapon\Weapon.h">
      <Filter>Header Files</Filter>
    </ClInclude>
    <ClInclude Include="include\engine\game\world\entity\item\Item.h">
      <Filter>Header Files</Filter>
    </ClInclude>
    <ClInclude Include="include\engine\game\world\entity\projectile\Projectile.h">
      <Filter>Header Files</Filter>
    </ClInclude>
    <ClInclude Include="include\engine\game\world\entity\actor\ability\mage\AMFireball.h">
      <Filter>Header Files</Filter>
    </ClInclude>
    <ClInclude Include="include\engine\game\world\entity\actor\ability\warrior\AWCharge.h">
      <Filter>Header Files</Filter>
    </ClInclude>
    <ClInclude Include="include\engine\game\world\entity\actor\ability\warrior\AWShield.h">
      <Filter>Header Files</Filter>
    </ClInclude>
    <ClInclude Include="include\engine\game\world\entity\actor\ability\Ability.h">
      <Filter>Header Files</Filter>
    </ClInclude>
    <ClInclude Include="include\engine\game\world\entity\actor\ability\LAbility.h">
      <Filter>Header Files</Filter>
    </ClInclude>
    <ClInclude Include="include\engine\game\world\entity\actor\adventurer\mage\Mage.h">
      <Filter>Header Files</Filter>
    </ClInclude>
    <ClInclude Include="include\engine\utils\variable\datatype\Color.h">
      <Filter>Header Files</Filter>
    </ClInclude>
    <ClInclude Include="include\engine\utils\variable\datatype\Macros.h">
      <Filter>Header Files</Filter>
    </ClInclude>
    <ClInclude Include="include\engine\utils\variable\datatype\Rectangle.h">
      <Filter>Header Files</Filter>
    </ClInclude>
    <ClInclude Include="include\engine\utils\variable\datatype\Texture.h">
      <Filter>Header Files</Filter>
    </ClInclude>
    <ClInclude Include="include\engine\utils\variable\datatype\Vector2.h">
      <Filter>Header Files</Filter>
    </ClInclude>
    <ClInclude Include="include\engine\utils\variable\datatype\Vector3.h">
      <Filter>Header Files</Filter>
    </ClInclude>
    <ClInclude Include="include\engine\utils\variable\datatype\Vector4.h">
      <Filter>Header Files</Filter>
    </ClInclude>
    <ClInclude Include="include\engine\utils\variable\datatype\Voxel.h">
      <Filter>Header Files</Filter>
    </ClInclude>
  </ItemGroup>
  <ItemGroup>
    <Image Include="res\texture\Background.png">
      <Filter>Resource Files</Filter>
    </Image>
  </ItemGroup>
  <ItemGroup>
    <None Include="ILUT.dll" />
    <None Include="alut.dll" />
    <None Include="DevIL.dll" />
    <None Include="glew32.dll" />
    <None Include="glfw3.dll" />
    <None Include="ILU.dll" />
    <None Include="msvcr120.dll" />
  </ItemGroup>
</Project>